
Microsoft Visual Studio Solution File, Format Version 12.00
# Visual Studio Version 17
VisualStudioVersion = 17.14.36301.6
MinimumVisualStudioVersion = 10.0.40219.1
Project("{8BC9CEB8-8B4A-11D0-8D11-00A0C91BC942}") = "1,Array", "1,Array\1,Array.vcxproj", "{6C8C30EE-DC0E-422E-BE1D-9B25DF66E704}"
EndProject
Project("{8BC9CEB8-8B4A-11D0-8D11-00A0C91BC942}") = "2.Vector", "2.Vector\2.Vector.vcxproj", "{447CF989-176C-4FF4-B565-5B5C126E8E8C}"
EndProject
Project("{8BC9CEB8-8B4A-11D0-8D11-00A0C91BC942}") = "Recursive", "Recursive\Recursive.vcxproj", "{0786EB13-CFDB-4CB8-93DD-0DCB68FACC4F}"
EndProject
Project("{8BC9CEB8-8B4A-11D0-8D11-00A0C91BC942}") = "3.LinkedList", "3.LinkedList\3.LinkedList.vcxproj", "{97ED5B9C-E1D5-4C99-8227-0E6A644AC64A}"
EndProject
Project("{8BC9CEB8-8B4A-11D0-8D11-00A0C91BC942}") = "Practice", "Practice\Practice.vcxproj", "{A41C66BE-6782-46A7-B95B-A914E0594762}"
EndProject
Project("{8BC9CEB8-8B4A-11D0-8D11-00A0C91BC942}") = "4.DoubleLinkedList", "4.DoubleLinkedList\4.DoubleLinkedList.vcxproj", "{F2A494B2-864C-4A84-8629-943ED017A262}"
EndProject
Project("{8BC9CEB8-8B4A-11D0-8D11-00A0C91BC942}") = "5.Stack", "5.Stack\5.Stack.vcxproj", "{786E607C-73FE-4357-97C3-FE9A357CDDD4}"
EndProject
Project("{8BC9CEB8-8B4A-11D0-8D11-00A0C91BC942}") = "6.StackMaze", "6.StackMaze\6.StackMaze.vcxproj", "{5F1FAAF7-5D0D-4DB9-A1AA-B78DAA7F0177}"
EndProject
Project("{8BC9CEB8-8B4A-11D0-8D11-00A0C91BC942}") = "StackMaze2", "StackMaze2\StackMaze2.vcxproj", "{73E7FD5F-160B-4F78-8A57-E250956412B0}"
EndProject
Project("{8BC9CEB8-8B4A-11D0-8D11-00A0C91BC942}") = "8.Random", "8.Random\8.Random.vcxproj", "{607115AC-357D-40B8-B1E8-ABDE86ADA4E8}"
EndProject
Project("{8BC9CEB8-8B4A-11D0-8D11-00A0C91BC942}") = "9.BubbleSort", "9.BubbleSort\9.BubbleSort.vcxproj", "{3FA7809D-3BC8-476E-B02B-C5F0F93D900F}"
EndProject
Project("{8BC9CEB8-8B4A-11D0-8D11-00A0C91BC942}") = "10.Quere", "10.Quere\10.Quere.vcxproj", "{D79F98A8-3429-413B-9499-C9AFE6B8481D}"
EndProject
Project("{8BC9CEB8-8B4A-11D0-8D11-00A0C91BC942}") = "11.QueueMaze", "11.QueueMaze\11.QueueMaze.vcxproj", "{9500D1D9-F6A7-4FE5-8A25-EF2F3A6FD84B}"
EndProject
Project("{8BC9CEB8-8B4A-11D0-8D11-00A0C91BC942}") = "12.Deque", "12.Deque\12.Deque.vcxproj", "{69B62BB6-20ED-4486-B9FC-757BAEAA8E6E}"
EndProject
Project("{8BC9CEB8-8B4A-11D0-8D11-00A0C91BC942}") = "13.HashTable", "13.HashTable\13.HashTable.vcxproj", "{79A7517F-92A4-4DAC-82D7-F5717790DA93}"
EndProject
Project("{8BC9CEB8-8B4A-11D0-8D11-00A0C91BC942}") = "SelectionSort", "SelectionSort\SelectionSort.vcxproj", "{BBF25C07-EEFB-4A09-B1B4-36DBD274270F}"
EndProject
Project("{8BC9CEB8-8B4A-11D0-8D11-00A0C91BC942}") = "15.InsertionSort", "15.InsertionSort\15.InsertionSort.vcxproj", "{D8ADED81-A2AC-4F1D-B6FB-9A299B1A4E12}"
EndProject
Project("{8BC9CEB8-8B4A-11D0-8D11-00A0C91BC942}") = "16.QuitSort", "QuitSort\QuitSort.vcxproj", "{E96B066B-7B8E-4F72-A772-CA94A8363287}"
EndProject
Project("{8BC9CEB8-8B4A-11D0-8D11-00A0C91BC942}") = "17.MergeSort", "17.MergeSort\17.MergeSort.vcxproj", "{C90A31E8-03ED-4694-AD10-1F114B5E2AA8}"
EndProject
Project("{8BC9CEB8-8B4A-11D0-8D11-00A0C91BC942}") = "18.Tree", "18.Tree\18.Tree.vcxproj", "{13B4A707-8CF7-4690-B304-98852AC6517D}"
EndProject
Project("{8BC9CEB8-8B4A-11D0-8D11-00A0C91BC942}") = "19.BinaryTree", "19.BinaryTree\19.BinaryTree.vcxproj", "{30A7CD61-076F-443E-8E78-FFA601D3A4D5}"
EndProject
Project("{8BC9CEB8-8B4A-11D0-8D11-00A0C91BC942}") = "20.BinarySearchTree", "20.BinarySearchTree\20.BinarySearchTree.vcxproj", "{0BEEA9D7-7B42-45E6-B33D-0565C1DB8ED5}"
EndProject
Project("{8BC9CEB8-8B4A-11D0-8D11-00A0C91BC942}") = "21.RBT", "21.RBT\21.RBT.vcxproj", "{0BAFB891-8266-41B2-A5E3-9745E4715B7E}"
EndProject
Project("{8BC9CEB8-8B4A-11D0-8D11-00A0C91BC942}") = "22.AStar", "22.AStar\22.AStar.vcxproj", "{BC65F1E6-D75B-4449-A8F7-24BDD3FC27DA}"
EndProject
Project("{8BC9CEB8-8B4A-11D0-8D11-00A0C91BC942}") = "23.AStarWithAnimation", "23.AStarWithAnimation\23.AStarWithAnimation.vcxproj", "{61A78644-4FB0-4F75-8AF6-B2D1FB40B214}"
EndProject
Project("{8BC9CEB8-8B4A-11D0-8D11-00A0C91BC942}") = "24.QuadTree", "24.QuadTree\24.QuadTree.vcxproj", "{F363D6BA-5816-4D2C-9095-61BD6B8FE42B}"
EndProject
Global
	GlobalSection(SolutionConfigurationPlatforms) = preSolution
		Debug|x64 = Debug|x64
		Debug|x86 = Debug|x86
		Release|x64 = Release|x64
		Release|x86 = Release|x86
	EndGlobalSection
	GlobalSection(ProjectConfigurationPlatforms) = postSolution
		{6C8C30EE-DC0E-422E-BE1D-9B25DF66E704}.Debug|x64.ActiveCfg = Debug|x64
		{6C8C30EE-DC0E-422E-BE1D-9B25DF66E704}.Debug|x64.Build.0 = Debug|x64
		{6C8C30EE-DC0E-422E-BE1D-9B25DF66E704}.Debug|x86.ActiveCfg = Debug|Win32
		{6C8C30EE-DC0E-422E-BE1D-9B25DF66E704}.Debug|x86.Build.0 = Debug|Win32
		{6C8C30EE-DC0E-422E-BE1D-9B25DF66E704}.Release|x64.ActiveCfg = Release|x64
		{6C8C30EE-DC0E-422E-BE1D-9B25DF66E704}.Release|x64.Build.0 = Release|x64
		{6C8C30EE-DC0E-422E-BE1D-9B25DF66E704}.Release|x86.ActiveCfg = Release|Win32
		{6C8C30EE-DC0E-422E-BE1D-9B25DF66E704}.Release|x86.Build.0 = Release|Win32
		{447CF989-176C-4FF4-B565-5B5C126E8E8C}.Debug|x64.ActiveCfg = Debug|x64
		{447CF989-176C-4FF4-B565-5B5C126E8E8C}.Debug|x64.Build.0 = Debug|x64
		{447CF989-176C-4FF4-B565-5B5C126E8E8C}.Debug|x86.ActiveCfg = Debug|Win32
		{447CF989-176C-4FF4-B565-5B5C126E8E8C}.Debug|x86.Build.0 = Debug|Win32
		{447CF989-176C-4FF4-B565-5B5C126E8E8C}.Release|x64.ActiveCfg = Release|x64
		{447CF989-176C-4FF4-B565-5B5C126E8E8C}.Release|x64.Build.0 = Release|x64
		{447CF989-176C-4FF4-B565-5B5C126E8E8C}.Release|x86.ActiveCfg = Release|Win32
		{447CF989-176C-4FF4-B565-5B5C126E8E8C}.Release|x86.Build.0 = Release|Win32
		{0786EB13-CFDB-4CB8-93DD-0DCB68FACC4F}.Debug|x64.ActiveCfg = Debug|x64
		{0786EB13-CFDB-4CB8-93DD-0DCB68FACC4F}.Debug|x64.Build.0 = Debug|x64
		{0786EB13-CFDB-4CB8-93DD-0DCB68FACC4F}.Debug|x86.ActiveCfg = Debug|Win32
		{0786EB13-CFDB-4CB8-93DD-0DCB68FACC4F}.Debug|x86.Build.0 = Debug|Win32
		{0786EB13-CFDB-4CB8-93DD-0DCB68FACC4F}.Release|x64.ActiveCfg = Release|x64
		{0786EB13-CFDB-4CB8-93DD-0DCB68FACC4F}.Release|x64.Build.0 = Release|x64
		{0786EB13-CFDB-4CB8-93DD-0DCB68FACC4F}.Release|x86.ActiveCfg = Release|Win32
		{0786EB13-CFDB-4CB8-93DD-0DCB68FACC4F}.Release|x86.Build.0 = Release|Win32
		{97ED5B9C-E1D5-4C99-8227-0E6A644AC64A}.Debug|x64.ActiveCfg = Debug|x64
		{97ED5B9C-E1D5-4C99-8227-0E6A644AC64A}.Debug|x64.Build.0 = Debug|x64
		{97ED5B9C-E1D5-4C99-8227-0E6A644AC64A}.Debug|x86.ActiveCfg = Debug|Win32
		{97ED5B9C-E1D5-4C99-8227-0E6A644AC64A}.Debug|x86.Build.0 = Debug|Win32
		{97ED5B9C-E1D5-4C99-8227-0E6A644AC64A}.Release|x64.ActiveCfg = Release|x64
		{97ED5B9C-E1D5-4C99-8227-0E6A644AC64A}.Release|x64.Build.0 = Release|x64
		{97ED5B9C-E1D5-4C99-8227-0E6A644AC64A}.Release|x86.ActiveCfg = Release|Win32
		{97ED5B9C-E1D5-4C99-8227-0E6A644AC64A}.Release|x86.Build.0 = Release|Win32
		{A41C66BE-6782-46A7-B95B-A914E0594762}.Debug|x64.ActiveCfg = Debug|x64
		{A41C66BE-6782-46A7-B95B-A914E0594762}.Debug|x64.Build.0 = Debug|x64
		{A41C66BE-6782-46A7-B95B-A914E0594762}.Debug|x86.ActiveCfg = Debug|Win32
		{A41C66BE-6782-46A7-B95B-A914E0594762}.Debug|x86.Build.0 = Debug|Win32
		{A41C66BE-6782-46A7-B95B-A914E0594762}.Release|x64.ActiveCfg = Release|x64
		{A41C66BE-6782-46A7-B95B-A914E0594762}.Release|x64.Build.0 = Release|x64
		{A41C66BE-6782-46A7-B95B-A914E0594762}.Release|x86.ActiveCfg = Release|Win32
		{A41C66BE-6782-46A7-B95B-A914E0594762}.Release|x86.Build.0 = Release|Win32
		{F2A494B2-864C-4A84-8629-943ED017A262}.Debug|x64.ActiveCfg = Debug|x64
		{F2A494B2-864C-4A84-8629-943ED017A262}.Debug|x64.Build.0 = Debug|x64
		{F2A494B2-864C-4A84-8629-943ED017A262}.Debug|x86.ActiveCfg = Debug|Win32
		{F2A494B2-864C-4A84-8629-943ED017A262}.Debug|x86.Build.0 = Debug|Win32
		{F2A494B2-864C-4A84-8629-943ED017A262}.Release|x64.ActiveCfg = Release|x64
		{F2A494B2-864C-4A84-8629-943ED017A262}.Release|x64.Build.0 = Release|x64
		{F2A494B2-864C-4A84-8629-943ED017A262}.Release|x86.ActiveCfg = Release|Win32
		{F2A494B2-864C-4A84-8629-943ED017A262}.Release|x86.Build.0 = Release|Win32
		{786E607C-73FE-4357-97C3-FE9A357CDDD4}.Debug|x64.ActiveCfg = Debug|x64
		{786E607C-73FE-4357-97C3-FE9A357CDDD4}.Debug|x64.Build.0 = Debug|x64
		{786E607C-73FE-4357-97C3-FE9A357CDDD4}.Debug|x86.ActiveCfg = Debug|Win32
		{786E607C-73FE-4357-97C3-FE9A357CDDD4}.Debug|x86.Build.0 = Debug|Win32
		{786E607C-73FE-4357-97C3-FE9A357CDDD4}.Release|x64.ActiveCfg = Release|x64
		{786E607C-73FE-4357-97C3-FE9A357CDDD4}.Release|x64.Build.0 = Release|x64
		{786E607C-73FE-4357-97C3-FE9A357CDDD4}.Release|x86.ActiveCfg = Release|Win32
		{786E607C-73FE-4357-97C3-FE9A357CDDD4}.Release|x86.Build.0 = Release|Win32
		{5F1FAAF7-5D0D-4DB9-A1AA-B78DAA7F0177}.Debug|x64.ActiveCfg = Debug|x64
		{5F1FAAF7-5D0D-4DB9-A1AA-B78DAA7F0177}.Debug|x64.Build.0 = Debug|x64
		{5F1FAAF7-5D0D-4DB9-A1AA-B78DAA7F0177}.Debug|x86.ActiveCfg = Debug|Win32
		{5F1FAAF7-5D0D-4DB9-A1AA-B78DAA7F0177}.Debug|x86.Build.0 = Debug|Win32
		{5F1FAAF7-5D0D-4DB9-A1AA-B78DAA7F0177}.Release|x64.ActiveCfg = Release|x64
		{5F1FAAF7-5D0D-4DB9-A1AA-B78DAA7F0177}.Release|x64.Build.0 = Release|x64
		{5F1FAAF7-5D0D-4DB9-A1AA-B78DAA7F0177}.Release|x86.ActiveCfg = Release|Win32
		{5F1FAAF7-5D0D-4DB9-A1AA-B78DAA7F0177}.Release|x86.Build.0 = Release|Win32
		{73E7FD5F-160B-4F78-8A57-E250956412B0}.Debug|x64.ActiveCfg = Debug|x64
		{73E7FD5F-160B-4F78-8A57-E250956412B0}.Debug|x64.Build.0 = Debug|x64
		{73E7FD5F-160B-4F78-8A57-E250956412B0}.Debug|x86.ActiveCfg = Debug|Win32
		{73E7FD5F-160B-4F78-8A57-E250956412B0}.Debug|x86.Build.0 = Debug|Win32
		{73E7FD5F-160B-4F78-8A57-E250956412B0}.Release|x64.ActiveCfg = Release|x64
		{73E7FD5F-160B-4F78-8A57-E250956412B0}.Release|x64.Build.0 = Release|x64
		{73E7FD5F-160B-4F78-8A57-E250956412B0}.Release|x86.ActiveCfg = Release|Win32
		{73E7FD5F-160B-4F78-8A57-E250956412B0}.Release|x86.Build.0 = Release|Win32
		{607115AC-357D-40B8-B1E8-ABDE86ADA4E8}.Debug|x64.ActiveCfg = Debug|x64
		{607115AC-357D-40B8-B1E8-ABDE86ADA4E8}.Debug|x64.Build.0 = Debug|x64
		{607115AC-357D-40B8-B1E8-ABDE86ADA4E8}.Debug|x86.ActiveCfg = Debug|Win32
		{607115AC-357D-40B8-B1E8-ABDE86ADA4E8}.Debug|x86.Build.0 = Debug|Win32
		{607115AC-357D-40B8-B1E8-ABDE86ADA4E8}.Release|x64.ActiveCfg = Release|x64
		{607115AC-357D-40B8-B1E8-ABDE86ADA4E8}.Release|x64.Build.0 = Release|x64
		{607115AC-357D-40B8-B1E8-ABDE86ADA4E8}.Release|x86.ActiveCfg = Release|Win32
		{607115AC-357D-40B8-B1E8-ABDE86ADA4E8}.Release|x86.Build.0 = Release|Win32
		{3FA7809D-3BC8-476E-B02B-C5F0F93D900F}.Debug|x64.ActiveCfg = Debug|x64
		{3FA7809D-3BC8-476E-B02B-C5F0F93D900F}.Debug|x64.Build.0 = Debug|x64
		{3FA7809D-3BC8-476E-B02B-C5F0F93D900F}.Debug|x86.ActiveCfg = Debug|Win32
		{3FA7809D-3BC8-476E-B02B-C5F0F93D900F}.Debug|x86.Build.0 = Debug|Win32
		{3FA7809D-3BC8-476E-B02B-C5F0F93D900F}.Release|x64.ActiveCfg = Release|x64
		{3FA7809D-3BC8-476E-B02B-C5F0F93D900F}.Release|x64.Build.0 = Release|x64
		{3FA7809D-3BC8-476E-B02B-C5F0F93D900F}.Release|x86.ActiveCfg = Release|Win32
		{3FA7809D-3BC8-476E-B02B-C5F0F93D900F}.Release|x86.Build.0 = Release|Win32
		{D79F98A8-3429-413B-9499-C9AFE6B8481D}.Debug|x64.ActiveCfg = Debug|x64
		{D79F98A8-3429-413B-9499-C9AFE6B8481D}.Debug|x64.Build.0 = Debug|x64
		{D79F98A8-3429-413B-9499-C9AFE6B8481D}.Debug|x86.ActiveCfg = Debug|Win32
		{D79F98A8-3429-413B-9499-C9AFE6B8481D}.Debug|x86.Build.0 = Debug|Win32
		{D79F98A8-3429-413B-9499-C9AFE6B8481D}.Release|x64.ActiveCfg = Release|x64
		{D79F98A8-3429-413B-9499-C9AFE6B8481D}.Release|x64.Build.0 = Release|x64
		{D79F98A8-3429-413B-9499-C9AFE6B8481D}.Release|x86.ActiveCfg = Release|Win32
		{D79F98A8-3429-413B-9499-C9AFE6B8481D}.Release|x86.Build.0 = Release|Win32
		{9500D1D9-F6A7-4FE5-8A25-EF2F3A6FD84B}.Debug|x64.ActiveCfg = Debug|x64
		{9500D1D9-F6A7-4FE5-8A25-EF2F3A6FD84B}.Debug|x64.Build.0 = Debug|x64
		{9500D1D9-F6A7-4FE5-8A25-EF2F3A6FD84B}.Debug|x86.ActiveCfg = Debug|Win32
		{9500D1D9-F6A7-4FE5-8A25-EF2F3A6FD84B}.Debug|x86.Build.0 = Debug|Win32
		{9500D1D9-F6A7-4FE5-8A25-EF2F3A6FD84B}.Release|x64.ActiveCfg = Release|x64
		{9500D1D9-F6A7-4FE5-8A25-EF2F3A6FD84B}.Release|x64.Build.0 = Release|x64
		{9500D1D9-F6A7-4FE5-8A25-EF2F3A6FD84B}.Release|x86.ActiveCfg = Release|Win32
		{9500D1D9-F6A7-4FE5-8A25-EF2F3A6FD84B}.Release|x86.Build.0 = Release|Win32
		{69B62BB6-20ED-4486-B9FC-757BAEAA8E6E}.Debug|x64.ActiveCfg = Debug|x64
		{69B62BB6-20ED-4486-B9FC-757BAEAA8E6E}.Debug|x64.Build.0 = Debug|x64
		{69B62BB6-20ED-4486-B9FC-757BAEAA8E6E}.Debug|x86.ActiveCfg = Debug|Win32
		{69B62BB6-20ED-4486-B9FC-757BAEAA8E6E}.Debug|x86.Build.0 = Debug|Win32
		{69B62BB6-20ED-4486-B9FC-757BAEAA8E6E}.Release|x64.ActiveCfg = Release|x64
		{69B62BB6-20ED-4486-B9FC-757BAEAA8E6E}.Release|x64.Build.0 = Release|x64
		{69B62BB6-20ED-4486-B9FC-757BAEAA8E6E}.Release|x86.ActiveCfg = Release|Win32
		{69B62BB6-20ED-4486-B9FC-757BAEAA8E6E}.Release|x86.Build.0 = Release|Win32
		{79A7517F-92A4-4DAC-82D7-F5717790DA93}.Debug|x64.ActiveCfg = Debug|x64
		{79A7517F-92A4-4DAC-82D7-F5717790DA93}.Debug|x64.Build.0 = Debug|x64
		{79A7517F-92A4-4DAC-82D7-F5717790DA93}.Debug|x86.ActiveCfg = Debug|Win32
		{79A7517F-92A4-4DAC-82D7-F5717790DA93}.Debug|x86.Build.0 = Debug|Win32
		{79A7517F-92A4-4DAC-82D7-F5717790DA93}.Release|x64.ActiveCfg = Release|x64
		{79A7517F-92A4-4DAC-82D7-F5717790DA93}.Release|x64.Build.0 = Release|x64
		{79A7517F-92A4-4DAC-82D7-F5717790DA93}.Release|x86.ActiveCfg = Release|Win32
		{79A7517F-92A4-4DAC-82D7-F5717790DA93}.Release|x86.Build.0 = Release|Win32
		{BBF25C07-EEFB-4A09-B1B4-36DBD274270F}.Debug|x64.ActiveCfg = Debug|x64
		{BBF25C07-EEFB-4A09-B1B4-36DBD274270F}.Debug|x64.Build.0 = Debug|x64
		{BBF25C07-EEFB-4A09-B1B4-36DBD274270F}.Debug|x86.ActiveCfg = Debug|Win32
		{BBF25C07-EEFB-4A09-B1B4-36DBD274270F}.Debug|x86.Build.0 = Debug|Win32
		{BBF25C07-EEFB-4A09-B1B4-36DBD274270F}.Release|x64.ActiveCfg = Release|x64
		{BBF25C07-EEFB-4A09-B1B4-36DBD274270F}.Release|x64.Build.0 = Release|x64
		{BBF25C07-EEFB-4A09-B1B4-36DBD274270F}.Release|x86.ActiveCfg = Release|Win32
		{BBF25C07-EEFB-4A09-B1B4-36DBD274270F}.Release|x86.Build.0 = Release|Win32
		{D8ADED81-A2AC-4F1D-B6FB-9A299B1A4E12}.Debug|x64.ActiveCfg = Debug|x64
		{D8ADED81-A2AC-4F1D-B6FB-9A299B1A4E12}.Debug|x64.Build.0 = Debug|x64
		{D8ADED81-A2AC-4F1D-B6FB-9A299B1A4E12}.Debug|x86.ActiveCfg = Debug|Win32
		{D8ADED81-A2AC-4F1D-B6FB-9A299B1A4E12}.Debug|x86.Build.0 = Debug|Win32
		{D8ADED81-A2AC-4F1D-B6FB-9A299B1A4E12}.Release|x64.ActiveCfg = Release|x64
		{D8ADED81-A2AC-4F1D-B6FB-9A299B1A4E12}.Release|x64.Build.0 = Release|x64
		{D8ADED81-A2AC-4F1D-B6FB-9A299B1A4E12}.Release|x86.ActiveCfg = Release|Win32
		{D8ADED81-A2AC-4F1D-B6FB-9A299B1A4E12}.Release|x86.Build.0 = Release|Win32
		{E96B066B-7B8E-4F72-A772-CA94A8363287}.Debug|x64.ActiveCfg = Debug|x64
		{E96B066B-7B8E-4F72-A772-CA94A8363287}.Debug|x64.Build.0 = Debug|x64
		{E96B066B-7B8E-4F72-A772-CA94A8363287}.Debug|x86.ActiveCfg = Debug|Win32
		{E96B066B-7B8E-4F72-A772-CA94A8363287}.Debug|x86.Build.0 = Debug|Win32
		{E96B066B-7B8E-4F72-A772-CA94A8363287}.Release|x64.ActiveCfg = Release|x64
		{E96B066B-7B8E-4F72-A772-CA94A8363287}.Release|x64.Build.0 = Release|x64
		{E96B066B-7B8E-4F72-A772-CA94A8363287}.Release|x86.ActiveCfg = Release|Win32
		{E96B066B-7B8E-4F72-A772-CA94A8363287}.Release|x86.Build.0 = Release|Win32
		{C90A31E8-03ED-4694-AD10-1F114B5E2AA8}.Debug|x64.ActiveCfg = Debug|x64
		{C90A31E8-03ED-4694-AD10-1F114B5E2AA8}.Debug|x64.Build.0 = Debug|x64
		{C90A31E8-03ED-4694-AD10-1F114B5E2AA8}.Debug|x86.ActiveCfg = Debug|Win32
		{C90A31E8-03ED-4694-AD10-1F114B5E2AA8}.Debug|x86.Build.0 = Debug|Win32
		{C90A31E8-03ED-4694-AD10-1F114B5E2AA8}.Release|x64.ActiveCfg = Release|x64
		{C90A31E8-03ED-4694-AD10-1F114B5E2AA8}.Release|x64.Build.0 = Release|x64
		{C90A31E8-03ED-4694-AD10-1F114B5E2AA8}.Release|x86.ActiveCfg = Release|Win32
		{C90A31E8-03ED-4694-AD10-1F114B5E2AA8}.Release|x86.Build.0 = Release|Win32
		{13B4A707-8CF7-4690-B304-98852AC6517D}.Debug|x64.ActiveCfg = Debug|x64
		{13B4A707-8CF7-4690-B304-98852AC6517D}.Debug|x64.Build.0 = Debug|x64
		{13B4A707-8CF7-4690-B304-98852AC6517D}.Debug|x86.ActiveCfg = Debug|Win32
		{13B4A707-8CF7-4690-B304-98852AC6517D}.Debug|x86.Build.0 = Debug|Win32
		{13B4A707-8CF7-4690-B304-98852AC6517D}.Release|x64.ActiveCfg = Release|x64
		{13B4A707-8CF7-4690-B304-98852AC6517D}.Release|x64.Build.0 = Release|x64
		{13B4A707-8CF7-4690-B304-98852AC6517D}.Release|x86.ActiveCfg = Release|Win32
		{13B4A707-8CF7-4690-B304-98852AC6517D}.Release|x86.Build.0 = Release|Win32
		{30A7CD61-076F-443E-8E78-FFA601D3A4D5}.Debug|x64.ActiveCfg = Debug|x64
		{30A7CD61-076F-443E-8E78-FFA601D3A4D5}.Debug|x64.Build.0 = Debug|x64
		{30A7CD61-076F-443E-8E78-FFA601D3A4D5}.Debug|x86.ActiveCfg = Debug|Win32
		{30A7CD61-076F-443E-8E78-FFA601D3A4D5}.Debug|x86.Build.0 = Debug|Win32
		{30A7CD61-076F-443E-8E78-FFA601D3A4D5}.Release|x64.ActiveCfg = Release|x64
		{30A7CD61-076F-443E-8E78-FFA601D3A4D5}.Release|x64.Build.0 = Release|x64
		{30A7CD61-076F-443E-8E78-FFA601D3A4D5}.Release|x86.ActiveCfg = Release|Win32
		{30A7CD61-076F-443E-8E78-FFA601D3A4D5}.Release|x86.Build.0 = Release|Win32
		{0BEEA9D7-7B42-45E6-B33D-0565C1DB8ED5}.Debug|x64.ActiveCfg = Debug|x64
		{0BEEA9D7-7B42-45E6-B33D-0565C1DB8ED5}.Debug|x64.Build.0 = Debug|x64
		{0BEEA9D7-7B42-45E6-B33D-0565C1DB8ED5}.Debug|x86.ActiveCfg = Debug|Win32
		{0BEEA9D7-7B42-45E6-B33D-0565C1DB8ED5}.Debug|x86.Build.0 = Debug|Win32
		{0BEEA9D7-7B42-45E6-B33D-0565C1DB8ED5}.Release|x64.ActiveCfg = Release|x64
		{0BEEA9D7-7B42-45E6-B33D-0565C1DB8ED5}.Release|x64.Build.0 = Release|x64
		{0BEEA9D7-7B42-45E6-B33D-0565C1DB8ED5}.Release|x86.ActiveCfg = Release|Win32
		{0BEEA9D7-7B42-45E6-B33D-0565C1DB8ED5}.Release|x86.Build.0 = Release|Win32
		{0BAFB891-8266-41B2-A5E3-9745E4715B7E}.Debug|x64.ActiveCfg = Debug|x64
		{0BAFB891-8266-41B2-A5E3-9745E4715B7E}.Debug|x64.Build.0 = Debug|x64
		{0BAFB891-8266-41B2-A5E3-9745E4715B7E}.Debug|x86.ActiveCfg = Debug|Win32
		{0BAFB891-8266-41B2-A5E3-9745E4715B7E}.Debug|x86.Build.0 = Debug|Win32
		{0BAFB891-8266-41B2-A5E3-9745E4715B7E}.Release|x64.ActiveCfg = Release|x64
		{0BAFB891-8266-41B2-A5E3-9745E4715B7E}.Release|x64.Build.0 = Release|x64
		{0BAFB891-8266-41B2-A5E3-9745E4715B7E}.Release|x86.ActiveCfg = Release|Win32
		{0BAFB891-8266-41B2-A5E3-9745E4715B7E}.Release|x86.Build.0 = Release|Win32
		{BC65F1E6-D75B-4449-A8F7-24BDD3FC27DA}.Debug|x64.ActiveCfg = Debug|x64
		{BC65F1E6-D75B-4449-A8F7-24BDD3FC27DA}.Debug|x64.Build.0 = Debug|x64
		{BC65F1E6-D75B-4449-A8F7-24BDD3FC27DA}.Debug|x86.ActiveCfg = Debug|Win32
		{BC65F1E6-D75B-4449-A8F7-24BDD3FC27DA}.Debug|x86.Build.0 = Debug|Win32
		{BC65F1E6-D75B-4449-A8F7-24BDD3FC27DA}.Release|x64.ActiveCfg = Release|x64
		{BC65F1E6-D75B-4449-A8F7-24BDD3FC27DA}.Release|x64.Build.0 = Release|x64
		{BC65F1E6-D75B-4449-A8F7-24BDD3FC27DA}.Release|x86.ActiveCfg = Release|Win32
		{BC65F1E6-D75B-4449-A8F7-24BDD3FC27DA}.Release|x86.Build.0 = Release|Win32
		{61A78644-4FB0-4F75-8AF6-B2D1FB40B214}.Debug|x64.ActiveCfg = Debug|x64
		{61A78644-4FB0-4F75-8AF6-B2D1FB40B214}.Debug|x64.Build.0 = Debug|x64
		{61A78644-4FB0-4F75-8AF6-B2D1FB40B214}.Debug|x86.ActiveCfg = Debug|Win32
		{61A78644-4FB0-4F75-8AF6-B2D1FB40B214}.Debug|x86.Build.0 = Debug|Win32
		{61A78644-4FB0-4F75-8AF6-B2D1FB40B214}.Release|x64.ActiveCfg = Release|x64
		{61A78644-4FB0-4F75-8AF6-B2D1FB40B214}.Release|x64.Build.0 = Release|x64
		{61A78644-4FB0-4F75-8AF6-B2D1FB40B214}.Release|x86.ActiveCfg = Release|Win32
		{61A78644-4FB0-4F75-8AF6-B2D1FB40B214}.Release|x86.Build.0 = Release|Win32
		{F363D6BA-5816-4D2C-9095-61BD6B8FE42B}.Debug|x64.ActiveCfg = Debug|x64
		{F363D6BA-5816-4D2C-9095-61BD6B8FE42B}.Debug|x64.Build.0 = Debug|x64
		{F363D6BA-5816-4D2C-9095-61BD6B8FE42B}.Debug|x86.ActiveCfg = Debug|Win32
		{F363D6BA-5816-4D2C-9095-61BD6B8FE42B}.Debug|x86.Build.0 = Debug|Win32
		{F363D6BA-5816-4D2C-9095-61BD6B8FE42B}.Release|x64.ActiveCfg = Release|x64
		{F363D6BA-5816-4D2C-9095-61BD6B8FE42B}.Release|x64.Build.0 = Release|x64
		{F363D6BA-5816-4D2C-9095-61BD6B8FE42B}.Release|x86.ActiveCfg = Release|Win32
		{F363D6BA-5816-4D2C-9095-61BD6B8FE42B}.Release|x86.Build.0 = Release|Win32
	EndGlobalSection
	GlobalSection(SolutionProperties) = preSolution
		HideSolutionNode = FALSE
	EndGlobalSection
	GlobalSection(ExtensibilityGlobals) = postSolution
		SolutionGuid = {762FDE62-FBCD-45C9-8A73-D2B11E554594}
	EndGlobalSection
EndGlobal
